// !$*UTF8*$!
{
	archiveVersion = 1;
	classes = {
	};
	objectVersion = 55;
	objects = {

/* Begin PBXBuildFile section */
		BE103FF628116BF2004AC3DA /* LogInViewController.swift in Sources */ = {isa = PBXBuildFile; fileRef = BE103FF528116BF2004AC3DA /* LogInViewController.swift */; };
		BE20B5592809A3DF006B7361 /* ProfileHeaderView.swift in Sources */ = {isa = PBXBuildFile; fileRef = BE20B5582809A3DF006B7361 /* ProfileHeaderView.swift */; };
		BE2B991A282BE6F4009ABE66 /* PhotosTableViewCell.swift in Sources */ = {isa = PBXBuildFile; fileRef = BE2B9919282BE6F4009ABE66 /* PhotosTableViewCell.swift */; };
		BE2B991C282BE7CB009ABE66 /* ImageModel.swift in Sources */ = {isa = PBXBuildFile; fileRef = BE2B991B282BE7CB009ABE66 /* ImageModel.swift */; };
		BE2B991E282BEF26009ABE66 /* CellPhotoCollectionViewCell.swift in Sources */ = {isa = PBXBuildFile; fileRef = BE2B991D282BEF26009ABE66 /* CellPhotoCollectionViewCell.swift */; };
		BE2B9920282BF8AC009ABE66 /* PhotosViewController.swift in Sources */ = {isa = PBXBuildFile; fileRef = BE2B991F282BF8AC009ABE66 /* PhotosViewController.swift */; };
		BE2B9922282BF9F2009ABE66 /* PhotosCollectionViewCell.swift in Sources */ = {isa = PBXBuildFile; fileRef = BE2B9921282BF9F2009ABE66 /* PhotosCollectionViewCell.swift */; };
		BE5D7B1E2816BF5C00617437 /* PostModel.swift in Sources */ = {isa = PBXBuildFile; fileRef = BE5D7B1D2816BF5C00617437 /* PostModel.swift */; };
		BE5D7B212816CA8000617437 /* PostTableViewCell.swift in Sources */ = {isa = PBXBuildFile; fileRef = BE5D7B202816CA8000617437 /* PostTableViewCell.swift */; };
		BE5D7B252816E4E400617437 /* UIView+ extension.swift in Sources */ = {isa = PBXBuildFile; fileRef = BE5D7B242816E4E400617437 /* UIView+ extension.swift */; };
		BED8FF6427FC279200AD379F /* AppDelegate.swift in Sources */ = {isa = PBXBuildFile; fileRef = BED8FF6327FC279200AD379F /* AppDelegate.swift */; };
		BED8FF6D27FC279300AD379F /* Assets.xcassets in Resources */ = {isa = PBXBuildFile; fileRef = BED8FF6C27FC279300AD379F /* Assets.xcassets */; };
		BED8FF7027FC279300AD379F /* LaunchScreen.storyboard in Resources */ = {isa = PBXBuildFile; fileRef = BED8FF6E27FC279300AD379F /* LaunchScreen.storyboard */; };
		BED8FF7827FC39E200AD379F /* MainViewController.swift in Sources */ = {isa = PBXBuildFile; fileRef = BED8FF7727FC39E200AD379F /* MainViewController.swift */; };
		BED8FF7A27FC3B3200AD379F /* FeedViewController.swift in Sources */ = {isa = PBXBuildFile; fileRef = BED8FF7927FC3B3200AD379F /* FeedViewController.swift */; };
		BED8FF7C27FC3B3C00AD379F /* ProfileViewController.swift in Sources */ = {isa = PBXBuildFile; fileRef = BED8FF7B27FC3B3C00AD379F /* ProfileViewController.swift */; };
		BED8FF7E27FC449A00AD379F /* PostViewController.swift in Sources */ = {isa = PBXBuildFile; fileRef = BED8FF7D27FC449A00AD379F /* PostViewController.swift */; };
		BED8FF8027FC686100AD379F /* InfoViewController.swift in Sources */ = {isa = PBXBuildFile; fileRef = BED8FF7F27FC686100AD379F /* InfoViewController.swift */; };
/* End PBXBuildFile section */

/* Begin PBXFileReference section */
		BE103FF528116BF2004AC3DA /* LogInViewController.swift */ = {isa = PBXFileReference; lastKnownFileType = sourcecode.swift; path = LogInViewController.swift; sourceTree = "<group>"; };
		BE20B5582809A3DF006B7361 /* ProfileHeaderView.swift */ = {isa = PBXFileReference; lastKnownFileType = sourcecode.swift; path = ProfileHeaderView.swift; sourceTree = "<group>"; };
		BE2B9919282BE6F4009ABE66 /* PhotosTableViewCell.swift */ = {isa = PBXFileReference; lastKnownFileType = sourcecode.swift; path = PhotosTableViewCell.swift; sourceTree = "<group>"; };
		BE2B991B282BE7CB009ABE66 /* ImageModel.swift */ = {isa = PBXFileReference; lastKnownFileType = sourcecode.swift; path = ImageModel.swift; sourceTree = "<group>"; };
		BE2B991D282BEF26009ABE66 /* CellPhotoCollectionViewCell.swift */ = {isa = PBXFileReference; lastKnownFileType = sourcecode.swift; path = CellPhotoCollectionViewCell.swift; sourceTree = "<group>"; };
		BE2B991F282BF8AC009ABE66 /* PhotosViewController.swift */ = {isa = PBXFileReference; lastKnownFileType = sourcecode.swift; path = PhotosViewController.swift; sourceTree = "<group>"; };
		BE2B9921282BF9F2009ABE66 /* PhotosCollectionViewCell.swift */ = {isa = PBXFileReference; lastKnownFileType = sourcecode.swift; path = PhotosCollectionViewCell.swift; sourceTree = "<group>"; };
		BE5D7B1D2816BF5C00617437 /* PostModel.swift */ = {isa = PBXFileReference; lastKnownFileType = sourcecode.swift; path = PostModel.swift; sourceTree = "<group>"; };
		BE5D7B202816CA8000617437 /* PostTableViewCell.swift */ = {isa = PBXFileReference; lastKnownFileType = sourcecode.swift; path = PostTableViewCell.swift; sourceTree = "<group>"; };
		BE5D7B242816E4E400617437 /* UIView+ extension.swift */ = {isa = PBXFileReference; lastKnownFileType = sourcecode.swift; path = "UIView+ extension.swift"; sourceTree = "<group>"; };
		BED8FF6027FC279200AD379F /* Navigation.app */ = {isa = PBXFileReference; explicitFileType = wrapper.application; includeInIndex = 0; path = Navigation.app; sourceTree = BUILT_PRODUCTS_DIR; };
		BED8FF6327FC279200AD379F /* AppDelegate.swift */ = {isa = PBXFileReference; lastKnownFileType = sourcecode.swift; path = AppDelegate.swift; sourceTree = "<group>"; };
		BED8FF6C27FC279300AD379F /* Assets.xcassets */ = {isa = PBXFileReference; lastKnownFileType = folder.assetcatalog; path = Assets.xcassets; sourceTree = "<group>"; };
		BED8FF6F27FC279300AD379F /* Base */ = {isa = PBXFileReference; lastKnownFileType = file.storyboard; name = Base; path = Base.lproj/LaunchScreen.storyboard; sourceTree = "<group>"; };
		BED8FF7127FC279300AD379F /* Info.plist */ = {isa = PBXFileReference; lastKnownFileType = text.plist.xml; path = Info.plist; sourceTree = "<group>"; };
		BED8FF7727FC39E200AD379F /* MainViewController.swift */ = {isa = PBXFileReference; lastKnownFileType = sourcecode.swift; path = MainViewController.swift; sourceTree = "<group>"; };
		BED8FF7927FC3B3200AD379F /* FeedViewController.swift */ = {isa = PBXFileReference; lastKnownFileType = sourcecode.swift; path = FeedViewController.swift; sourceTree = "<group>"; };
		BED8FF7B27FC3B3C00AD379F /* ProfileViewController.swift */ = {isa = PBXFileReference; lastKnownFileType = sourcecode.swift; path = ProfileViewController.swift; sourceTree = "<group>"; };
		BED8FF7D27FC449A00AD379F /* PostViewController.swift */ = {isa = PBXFileReference; lastKnownFileType = sourcecode.swift; path = PostViewController.swift; sourceTree = "<group>"; };
		BED8FF7F27FC686100AD379F /* InfoViewController.swift */ = {isa = PBXFileReference; lastKnownFileType = sourcecode.swift; path = InfoViewController.swift; sourceTree = "<group>"; };
/* End PBXFileReference section */

/* Begin PBXFrameworksBuildPhase section */
		BED8FF5D27FC279200AD379F /* Frameworks */ = {
			isa = PBXFrameworksBuildPhase;
			buildActionMask = 2147483647;
			files = (
			);
			runOnlyForDeploymentPostprocessing = 0;
		};
/* End PBXFrameworksBuildPhase section */

/* Begin PBXGroup section */
		BE2B9918282BE6BB009ABE66 /* Photo */ = {
			isa = PBXGroup;
			children = (
				BE2B991F282BF8AC009ABE66 /* PhotosViewController.swift */,
				BE2B9921282BF9F2009ABE66 /* PhotosCollectionViewCell.swift */,
				BE2B9919282BE6F4009ABE66 /* PhotosTableViewCell.swift */,
				BE2B991D282BEF26009ABE66 /* CellPhotoCollectionViewCell.swift */,
				BE2B991B282BE7CB009ABE66 /* ImageModel.swift */,
			);
			path = Photo;
			sourceTree = "<group>";
		};
		BE5D7B27281823C700617437 /* Extensions */ = {
			isa = PBXGroup;
			children = (
				BE5D7B242816E4E400617437 /* UIView+ extension.swift */,
			);
			path = Extensions;
			sourceTree = "<group>";
		};
		BE5D7B2828182D2900617437 /* Post */ = {
			isa = PBXGroup;
			children = (
				BED8FF7D27FC449A00AD379F /* PostViewController.swift */,
				BE5D7B202816CA8000617437 /* PostTableViewCell.swift */,
				BE5D7B1D2816BF5C00617437 /* PostModel.swift */,
			);
			path = Post;
			sourceTree = "<group>";
		};
		BE67B79128019D6A00A9B318 /* Profile */ = {
			isa = PBXGroup;
			children = (
				BE103FF528116BF2004AC3DA /* LogInViewController.swift */,
				BED8FF7B27FC3B3C00AD379F /* ProfileViewController.swift */,
				BE20B5582809A3DF006B7361 /* ProfileHeaderView.swift */,
			);
			path = Profile;
			sourceTree = "<group>";
		};
		BED8FF5727FC279200AD379F = {
			isa = PBXGroup;
			children = (
				BED8FF6227FC279200AD379F /* Navigation */,
				BED8FF6127FC279200AD379F /* Products */,
			);
			sourceTree = "<group>";
		};
		BED8FF6127FC279200AD379F /* Products */ = {
			isa = PBXGroup;
			children = (
				BED8FF6027FC279200AD379F /* Navigation.app */,
			);
			name = Products;
			sourceTree = "<group>";
		};
		BED8FF6227FC279200AD379F /* Navigation */ = {
			isa = PBXGroup;
			children = (
				BED8FF6327FC279200AD379F /* AppDelegate.swift */,
				BED8FF7727FC39E200AD379F /* MainViewController.swift */,
				BED8FF7927FC3B3200AD379F /* FeedViewController.swift */,
				BED8FF7F27FC686100AD379F /* InfoViewController.swift */,
				BE67B79128019D6A00A9B318 /* Profile */,
				BE5D7B2828182D2900617437 /* Post */,
				BE2B9918282BE6BB009ABE66 /* Photo */,
				BE5D7B27281823C700617437 /* Extensions */,
				BED8FF6C27FC279300AD379F /* Assets.xcassets */,
				BED8FF6E27FC279300AD379F /* LaunchScreen.storyboard */,
				BED8FF7127FC279300AD379F /* Info.plist */,
			);
			path = Navigation;
			sourceTree = "<group>";
		};
/* End PBXGroup section */

/* Begin PBXNativeTarget section */
		BED8FF5F27FC279200AD379F /* Navigation */ = {
			isa = PBXNativeTarget;
			buildConfigurationList = BED8FF7427FC279300AD379F /* Build configuration list for PBXNativeTarget "Navigation" */;
			buildPhases = (
				BED8FF5C27FC279200AD379F /* Sources */,
				BED8FF5D27FC279200AD379F /* Frameworks */,
				BED8FF5E27FC279200AD379F /* Resources */,
			);
			buildRules = (
			);
			dependencies = (
			);
			name = Navigation;
			productName = Navigation;
			productReference = BED8FF6027FC279200AD379F /* Navigation.app */;
			productType = "com.apple.product-type.application";
		};
/* End PBXNativeTarget section */

/* Begin PBXProject section */
		BED8FF5827FC279200AD379F /* Project object */ = {
			isa = PBXProject;
			attributes = {
				BuildIndependentTargetsInParallel = 1;
				LastSwiftUpdateCheck = 1330;
				LastUpgradeCheck = 1330;
				TargetAttributes = {
					BED8FF5F27FC279200AD379F = {
						CreatedOnToolsVersion = 13.3;
					};
				};
			};
			buildConfigurationList = BED8FF5B27FC279200AD379F /* Build configuration list for PBXProject "Navigation" */;
			compatibilityVersion = "Xcode 13.0";
			developmentRegion = en;
			hasScannedForEncodings = 0;
			knownRegions = (
				en,
				Base,
			);
			mainGroup = BED8FF5727FC279200AD379F;
			productRefGroup = BED8FF6127FC279200AD379F /* Products */;
			projectDirPath = "";
			projectRoot = "";
			targets = (
				BED8FF5F27FC279200AD379F /* Navigation */,
			);
		};
/* End PBXProject section */

/* Begin PBXResourcesBuildPhase section */
		BED8FF5E27FC279200AD379F /* Resources */ = {
			isa = PBXResourcesBuildPhase;
			buildActionMask = 2147483647;
			files = (
				BED8FF7027FC279300AD379F /* LaunchScreen.storyboard in Resources */,
				BED8FF6D27FC279300AD379F /* Assets.xcassets in Resources */,
			);
			runOnlyForDeploymentPostprocessing = 0;
		};
/* End PBXResourcesBuildPhase section */

/* Begin PBXSourcesBuildPhase section */
		BED8FF5C27FC279200AD379F /* Sources */ = {
			isa = PBXSourcesBuildPhase;
			buildActionMask = 2147483647;
			files = (
				BE2B991A282BE6F4009ABE66 /* PhotosTableViewCell.swift in Sources */,
				BED8FF7827FC39E200AD379F /* MainViewController.swift in Sources */,
				BE20B5592809A3DF006B7361 /* ProfileHeaderView.swift in Sources */,
				BED8FF7A27FC3B3200AD379F /* FeedViewController.swift in Sources */,
				BED8FF7C27FC3B3C00AD379F /* ProfileViewController.swift in Sources */,
				BE103FF628116BF2004AC3DA /* LogInViewController.swift in Sources */,
				BED8FF6427FC279200AD379F /* AppDelegate.swift in Sources */,
				BE5D7B212816CA8000617437 /* PostTableViewCell.swift in Sources */,
				BE5D7B1E2816BF5C00617437 /* PostModel.swift in Sources */,
				BE2B9920282BF8AC009ABE66 /* PhotosViewController.swift in Sources */,
				BED8FF8027FC686100AD379F /* InfoViewController.swift in Sources */,
				BED8FF7E27FC449A00AD379F /* PostViewController.swift in Sources */,
				BE2B991E282BEF26009ABE66 /* CellPhotoCollectionViewCell.swift in Sources */,
				BE2B9922282BF9F2009ABE66 /* PhotosCollectionViewCell.swift in Sources */,
				BE2B991C282BE7CB009ABE66 /* ImageModel.swift in Sources */,
				BE5D7B252816E4E400617437 /* UIView+ extension.swift in Sources */,
			);
			runOnlyForDeploymentPostprocessing = 0;
		};
/* End PBXSourcesBuildPhase section */

/* Begin PBXVariantGroup section */
		BED8FF6E27FC279300AD379F /* LaunchScreen.storyboard */ = {
			isa = PBXVariantGroup;
			children = (
				BED8FF6F27FC279300AD379F /* Base */,
			);
			name = LaunchScreen.storyboard;
			sourceTree = "<group>";
		};
/* End PBXVariantGroup section */

/* Begin XCBuildConfiguration section */
		BED8FF7227FC279300AD379F /* Debug */ = {
			isa = XCBuildConfiguration;
			buildSettings = {
				ALWAYS_SEARCH_USER_PATHS = NO;
				CLANG_ANALYZER_NONNULL = YES;
				CLANG_ANALYZER_NUMBER_OBJECT_CONVERSION = YES_AGGRESSIVE;
				CLANG_CXX_LANGUAGE_STANDARD = "gnu++17";
				CLANG_ENABLE_MODULES = YES;
				CLANG_ENABLE_OBJC_ARC = YES;
				CLANG_ENABLE_OBJC_WEAK = YES;
				CLANG_WARN_BLOCK_CAPTURE_AUTORELEASING = YES;
				CLANG_WARN_BOOL_CONVERSION = YES;
				CLANG_WARN_COMMA = YES;
				CLANG_WARN_CONSTANT_CONVERSION = YES;
				CLANG_WARN_DEPRECATED_OBJC_IMPLEMENTATIONS = YES;
				CLANG_WARN_DIRECT_OBJC_ISA_USAGE = YES_ERROR;
				CLANG_WARN_DOCUMENTATION_COMMENTS = YES;
				CLANG_WARN_EMPTY_BODY = YES;
				CLANG_WARN_ENUM_CONVERSION = YES;
				CLANG_WARN_INFINITE_RECURSION = YES;
				CLANG_WARN_INT_CONVERSION = YES;
				CLANG_WARN_NON_LITERAL_NULL_CONVERSION = YES;
				CLANG_WARN_OBJC_IMPLICIT_RETAIN_SELF = YES;
				CLANG_WARN_OBJC_LITERAL_CONVERSION = YES;
				CLANG_WARN_OBJC_ROOT_CLASS = YES_ERROR;
				CLANG_WARN_QUOTED_INCLUDE_IN_FRAMEWORK_HEADER = YES;
				CLANG_WARN_RANGE_LOOP_ANALYSIS = YES;
				CLANG_WARN_STRICT_PROTOTYPES = YES;
				CLANG_WARN_SUSPICIOUS_MOVE = YES;
				CLANG_WARN_UNGUARDED_AVAILABILITY = YES_AGGRESSIVE;
				CLANG_WARN_UNREACHABLE_CODE = YES;
				CLANG_WARN__DUPLICATE_METHOD_MATCH = YES;
				COPY_PHASE_STRIP = NO;
				DEBUG_INFORMATION_FORMAT = dwarf;
				ENABLE_STRICT_OBJC_MSGSEND = YES;
				ENABLE_TESTABILITY = YES;
				GCC_C_LANGUAGE_STANDARD = gnu11;
				GCC_DYNAMIC_NO_PIC = NO;
				GCC_NO_COMMON_BLOCKS = YES;
				GCC_OPTIMIZATION_LEVEL = 0;
				GCC_PREPROCESSOR_DEFINITIONS = (
					"DEBUG=1",
					"$(inherited)",
				);
				GCC_WARN_64_TO_32_BIT_CONVERSION = YES;
				GCC_WARN_ABOUT_RETURN_TYPE = YES_ERROR;
				GCC_WARN_UNDECLARED_SELECTOR = YES;
				GCC_WARN_UNINITIALIZED_AUTOS = YES_AGGRESSIVE;
				GCC_WARN_UNUSED_FUNCTION = YES;
				GCC_WARN_UNUSED_VARIABLE = YES;
				IPHONEOS_DEPLOYMENT_TARGET = 15.4;
				MTL_ENABLE_DEBUG_INFO = INCLUDE_SOURCE;
				MTL_FAST_MATH = YES;
				ONLY_ACTIVE_ARCH = YES;
				SDKROOT = iphoneos;
				SWIFT_ACTIVE_COMPILATION_CONDITIONS = DEBUG;
				SWIFT_OPTIMIZATION_LEVEL = "-Onone";
			};
			name = Debug;
		};
		BED8FF7327FC279300AD379F /* Release */ = {
			isa = XCBuildConfiguration;
			buildSettings = {
				ALWAYS_SEARCH_USER_PATHS = NO;
				CLANG_ANALYZER_NONNULL = YES;
				CLANG_ANALYZER_NUMBER_OBJECT_CONVERSION = YES_AGGRESSIVE;
				CLANG_CXX_LANGUAGE_STANDARD = "gnu++17";
				CLANG_ENABLE_MODULES = YES;
				CLANG_ENABLE_OBJC_ARC = YES;
				CLANG_ENABLE_OBJC_WEAK = YES;
				CLANG_WARN_BLOCK_CAPTURE_AUTORELEASING = YES;
				CLANG_WARN_BOOL_CONVERSION = YES;
				CLANG_WARN_COMMA = YES;
				CLANG_WARN_CONSTANT_CONVERSION = YES;
				CLANG_WARN_DEPRECATED_OBJC_IMPLEMENTATIONS = YES;
				CLANG_WARN_DIRECT_OBJC_ISA_USAGE = YES_ERROR;
				CLANG_WARN_DOCUMENTATION_COMMENTS = YES;
				CLANG_WARN_EMPTY_BODY = YES;
				CLANG_WARN_ENUM_CONVERSION = YES;
				CLANG_WARN_INFINITE_RECURSION = YES;
				CLANG_WARN_INT_CONVERSION = YES;
				CLANG_WARN_NON_LITERAL_NULL_CONVERSION = YES;
				CLANG_WARN_OBJC_IMPLICIT_RETAIN_SELF = YES;
				CLANG_WARN_OBJC_LITERAL_CONVERSION = YES;
				CLANG_WARN_OBJC_ROOT_CLASS = YES_ERROR;
				CLANG_WARN_QUOTED_INCLUDE_IN_FRAMEWORK_HEADER = YES;
				CLANG_WARN_RANGE_LOOP_ANALYSIS = YES;
				CLANG_WARN_STRICT_PROTOTYPES = YES;
				CLANG_WARN_SUSPICIOUS_MOVE = YES;
				CLANG_WARN_UNGUARDED_AVAILABILITY = YES_AGGRESSIVE;
				CLANG_WARN_UNREACHABLE_CODE = YES;
				CLANG_WARN__DUPLICATE_METHOD_MATCH = YES;
				COPY_PHASE_STRIP = NO;
				DEBUG_INFORMATION_FORMAT = "dwarf-with-dsym";
				ENABLE_NS_ASSERTIONS = NO;
				ENABLE_STRICT_OBJC_MSGSEND = YES;
				GCC_C_LANGUAGE_STANDARD = gnu11;
				GCC_NO_COMMON_BLOCKS = YES;
				GCC_WARN_64_TO_32_BIT_CONVERSION = YES;
				GCC_WARN_ABOUT_RETURN_TYPE = YES_ERROR;
				GCC_WARN_UNDECLARED_SELECTOR = YES;
				GCC_WARN_UNINITIALIZED_AUTOS = YES_AGGRESSIVE;
				GCC_WARN_UNUSED_FUNCTION = YES;
				GCC_WARN_UNUSED_VARIABLE = YES;
				IPHONEOS_DEPLOYMENT_TARGET = 15.4;
				MTL_ENABLE_DEBUG_INFO = NO;
				MTL_FAST_MATH = YES;
				SDKROOT = iphoneos;
				SWIFT_COMPILATION_MODE = wholemodule;
				SWIFT_OPTIMIZATION_LEVEL = "-O";
				VALIDATE_PRODUCT = YES;
			};
			name = Release;
		};
		BED8FF7527FC279300AD379F /* Debug */ = {
			isa = XCBuildConfiguration;
			buildSettings = {
				ASSETCATALOG_COMPILER_APPICON_NAME = AppIcon;
				ASSETCATALOG_COMPILER_GLOBAL_ACCENT_COLOR_NAME = AccentColor;
				CODE_SIGN_STYLE = Automatic;
				CURRENT_PROJECT_VERSION = 1;
				DEVELOPMENT_TEAM = 3YZWNV863X;
				GENERATE_INFOPLIST_FILE = YES;
				INFOPLIST_FILE = Navigation/Info.plist;
				INFOPLIST_KEY_UIApplicationSupportsIndirectInputEvents = YES;
				INFOPLIST_KEY_UILaunchStoryboardName = LaunchScreen;
				INFOPLIST_KEY_UISupportedInterfaceOrientations_iPad = "UIInterfaceOrientationPortrait UIInterfaceOrientationPortraitUpsideDown UIInterfaceOrientationLandscapeLeft UIInterfaceOrientationLandscapeRight";
				INFOPLIST_KEY_UISupportedInterfaceOrientations_iPhone = "UIInterfaceOrientationPortrait UIInterfaceOrientationLandscapeLeft UIInterfaceOrientationLandscapeRight";
				LD_RUNPATH_SEARCH_PATHS = (
					"$(inherited)",
					"@executable_path/Frameworks",
				);
				MARKETING_VERSION = 1.0;
				PRODUCT_BUNDLE_IDENTIFIER = "-.Navigation";
				PRODUCT_NAME = "$(TARGET_NAME)";
				SWIFT_EMIT_LOC_STRINGS = YES;
				SWIFT_VERSION = 5.0;
				TARGETED_DEVICE_FAMILY = "1,2";
			};
			name = Debug;
		};
		BED8FF7627FC279300AD379F /* Release */ = {
			isa = XCBuildConfiguration;
			buildSettings = {
				ASSETCATALOG_COMPILER_APPICON_NAME = AppIcon;
				ASSETCATALOG_COMPILER_GLOBAL_ACCENT_COLOR_NAME = AccentColor;
				CODE_SIGN_STYLE = Automatic;
				CURRENT_PROJECT_VERSION = 1;
				DEVELOPMENT_TEAM = 3YZWNV863X;
				GENERATE_INFOPLIST_FILE = YES;
				INFOPLIST_FILE = Navigation/Info.plist;
				INFOPLIST_KEY_UIApplicationSupportsIndirectInputEvents = YES;
				INFOPLIST_KEY_UILaunchStoryboardName = LaunchScreen;
				INFOPLIST_KEY_UISupportedInterfaceOrientations_iPad = "UIInterfaceOrientationPortrait UIInterfaceOrientationPortraitUpsideDown UIInterfaceOrientationLandscapeLeft UIInterfaceOrientationLandscapeRight";
				INFOPLIST_KEY_UISupportedInterfaceOrientations_iPhone = "UIInterfaceOrientationPortrait UIInterfaceOrientationLandscapeLeft UIInterfaceOrientationLandscapeRight";
				LD_RUNPATH_SEARCH_PATHS = (
					"$(inherited)",
					"@executable_path/Frameworks",
				);
				MARKETING_VERSION = 1.0;
				PRODUCT_BUNDLE_IDENTIFIER = "-.Navigation";
				PRODUCT_NAME = "$(TARGET_NAME)";
				SWIFT_EMIT_LOC_STRINGS = YES;
				SWIFT_VERSION = 5.0;
				TARGETED_DEVICE_FAMILY = "1,2";
			};
			name = Release;
		};
/* End XCBuildConfiguration section */

/* Begin XCConfigurationList section */
		BED8FF5B27FC279200AD379F /* Build configuration list for PBXProject "Navigation" */ = {
			isa = XCConfigurationList;
			buildConfigurations = (
				BED8FF7227FC279300AD379F /* Debug */,
				BED8FF7327FC279300AD379F /* Release */,
			);
			defaultConfigurationIsVisible = 0;
			defaultConfigurationName = Release;
		};
		BED8FF7427FC279300AD379F /* Build configuration list for PBXNativeTarget "Navigation" */ = {
			isa = XCConfigurationList;
			buildConfigurations = (
				BED8FF7527FC279300AD379F /* Debug */,
				BED8FF7627FC279300AD379F /* Release */,
			);
			defaultConfigurationIsVisible = 0;
			defaultConfigurationName = Release;
		};
/* End XCConfigurationList section */
	};
	rootObject = BED8FF5827FC279200AD379F /* Project object */;
}
